
Microsoft Visual Studio Solution File, Format Version 12.00
# Visual Studio 15
VisualStudioVersion = 15.0.28307.271
MinimumVisualStudioVersion = 10.0.40219.1
Project("{9A19103F-16F7-4668-BE54-9A1E7A4F7556}") = "ProductService", "ProductService\ProductService.csproj", "{C5B48A9F-D44E-402E-8B16-E0235618B4F8}"
EndProject
Project("{9A19103F-16F7-4668-BE54-9A1E7A4F7556}") = "ProductService.BusinessLayer", "ProductService.BusinessLayer\ProductService.BusinessLayer.csproj", "{397A9F93-80AA-4999-BB29-9DF3E7596E92}"
EndProject
Project("{9A19103F-16F7-4668-BE54-9A1E7A4F7556}") = "ProductService.BusinessLayer.Tests", "ProductService.BusinessLayer.Tests\ProductService.BusinessLayer.Tests.csproj", "{DF1318DF-4853-4358-8D6B-619A5D7897EB}"
EndProject
Project("{9A19103F-16F7-4668-BE54-9A1E7A4F7556}") = "ProductService.DataLayer", "ProductService.DataLayer\ProductService.DataLayer.csproj", "{70724100-FB36-4090-A4B1-A807522EADAF}"
EndProject
Project("{FAE04EC0-301F-11D3-BF4B-00C04F79EFBC}") = "ProductService.Api", "ProductService.API\ProductService.Api.csproj", "{1B08F067-12C2-4E0C-AF6B-781A81E26FFD}"
EndProject
Global
	GlobalSection(SolutionConfigurationPlatforms) = preSolution
		Debug|Any CPU = Debug|Any CPU
		Release|Any CPU = Release|Any CPU
	EndGlobalSection
	GlobalSection(ProjectConfigurationPlatforms) = postSolution
		{C5B48A9F-D44E-402E-8B16-E0235618B4F8}.Debug|Any CPU.ActiveCfg = Debug|Any CPU
		{C5B48A9F-D44E-402E-8B16-E0235618B4F8}.Debug|Any CPU.Build.0 = Debug|Any CPU
		{C5B48A9F-D44E-402E-8B16-E0235618B4F8}.Release|Any CPU.ActiveCfg = Release|Any CPU
		{C5B48A9F-D44E-402E-8B16-E0235618B4F8}.Release|Any CPU.Build.0 = Release|Any CPU
		{397A9F93-80AA-4999-BB29-9DF3E7596E92}.Debug|Any CPU.ActiveCfg = Debug|Any CPU
		{397A9F93-80AA-4999-BB29-9DF3E7596E92}.Debug|Any CPU.Build.0 = Debug|Any CPU
		{397A9F93-80AA-4999-BB29-9DF3E7596E92}.Release|Any CPU.ActiveCfg = Release|Any CPU
		{397A9F93-80AA-4999-BB29-9DF3E7596E92}.Release|Any CPU.Build.0 = Release|Any CPU
		{DF1318DF-4853-4358-8D6B-619A5D7897EB}.Debug|Any CPU.ActiveCfg = Debug|Any CPU
		{DF1318DF-4853-4358-8D6B-619A5D7897EB}.Debug|Any CPU.Build.0 = Debug|Any CPU
		{DF1318DF-4853-4358-8D6B-619A5D7897EB}.Release|Any CPU.ActiveCfg = Release|Any CPU
		{DF1318DF-4853-4358-8D6B-619A5D7897EB}.Release|Any CPU.Build.0 = Release|Any CPU
		{70724100-FB36-4090-A4B1-A807522EADAF}.Debug|Any CPU.ActiveCfg = Debug|Any CPU
		{70724100-FB36-4090-A4B1-A807522EADAF}.Debug|Any CPU.Build.0 = Debug|Any CPU
		{70724100-FB36-4090-A4B1-A807522EADAF}.Release|Any CPU.ActiveCfg = Release|Any CPU
		{70724100-FB36-4090-A4B1-A807522EADAF}.Release|Any CPU.Build.0 = Release|Any CPU
		{1B08F067-12C2-4E0C-AF6B-781A81E26FFD}.Debug|Any CPU.ActiveCfg = Debug|Any CPU
		{1B08F067-12C2-4E0C-AF6B-781A81E26FFD}.Debug|Any CPU.Build.0 = Debug|Any CPU
		{1B08F067-12C2-4E0C-AF6B-781A81E26FFD}.Release|Any CPU.ActiveCfg = Release|Any CPU
		{1B08F067-12C2-4E0C-AF6B-781A81E26FFD}.Release|Any CPU.Build.0 = Release|Any CPU
	EndGlobalSection
	GlobalSection(SolutionProperties) = preSolution
		HideSolutionNode = FALSE
	EndGlobalSection
	GlobalSection(ExtensibilityGlobals) = postSolution
		SolutionGuid = {BA77B02C-BF76-4888-9CA3-F5717A7D13B5}
	EndGlobalSection
EndGlobal
